<?xml version="1.0" encoding="UTF-8" standalone="yes" ?>
<CodeBlocks_project_file>
   <FileVersion major="1" minor="6" />
   <Project>
      <Option title="cpp_spider" />
      <Option makefile_is_custom="1" />
      <Option compiler="gcc" />
      <Option virtualFolders="CMake Files\;" />
      <Build>
      <Target title="all">
         <Option working_dir="/home/flo/rendu/Cpp/cpp_spider" />
         <Option type="4" />
         <MakeCommands>
            <Build command="/usr/bin/make -f &quot;/home/flo/rendu/Cpp/cpp_spider/Makefile&quot;  VERBOSE=1 all" />
            <CompileFile command="/usr/bin/make -f &quot;/home/flo/rendu/Cpp/cpp_spider/Makefile&quot;  VERBOSE=1 &quot;$file&quot;" />
            <Clean command="/usr/bin/make -f &quot;/home/flo/rendu/Cpp/cpp_spider/Makefile&quot;  VERBOSE=1 clean" />
            <DistClean command="/usr/bin/make -f &quot;/home/flo/rendu/Cpp/cpp_spider/Makefile&quot;  VERBOSE=1 clean" />
         </MakeCommands>
      </Target>
      <Target title="edit_cache">
         <Option working_dir="/home/flo/rendu/Cpp/cpp_spider" />
         <Option type="4" />
         <MakeCommands>
            <Build command="/usr/bin/make -f &quot;/home/flo/rendu/Cpp/cpp_spider/Makefile&quot;  VERBOSE=1 edit_cache" />
            <CompileFile command="/usr/bin/make -f &quot;/home/flo/rendu/Cpp/cpp_spider/Makefile&quot;  VERBOSE=1 &quot;$file&quot;" />
            <Clean command="/usr/bin/make -f &quot;/home/flo/rendu/Cpp/cpp_spider/Makefile&quot;  VERBOSE=1 clean" />
            <DistClean command="/usr/bin/make -f &quot;/home/flo/rendu/Cpp/cpp_spider/Makefile&quot;  VERBOSE=1 clean" />
         </MakeCommands>
      </Target>
      <Target title="rebuild_cache">
         <Option working_dir="/home/flo/rendu/Cpp/cpp_spider" />
         <Option type="4" />
         <MakeCommands>
            <Build command="/usr/bin/make -f &quot;/home/flo/rendu/Cpp/cpp_spider/Makefile&quot;  VERBOSE=1 rebuild_cache" />
            <CompileFile command="/usr/bin/make -f &quot;/home/flo/rendu/Cpp/cpp_spider/Makefile&quot;  VERBOSE=1 &quot;$file&quot;" />
            <Clean command="/usr/bin/make -f &quot;/home/flo/rendu/Cpp/cpp_spider/Makefile&quot;  VERBOSE=1 clean" />
            <DistClean command="/usr/bin/make -f &quot;/home/flo/rendu/Cpp/cpp_spider/Makefile&quot;  VERBOSE=1 clean" />
         </MakeCommands>
      </Target>
      <Target title="server">
         <Option output="/home/flo/rendu/Cpp/cpp_spider/server" prefix_auto="0" extension_auto="0" />
         <Option working_dir="/home/flo/rendu/Cpp/cpp_spider" />
         <Option object_output="./" />
         <Option type="1" />
         <Option compiler="gcc" />
         <Compiler>
            <Add directory="/usr/include" />
            <Add directory="/usr/include/c++/5" />
            <Add directory="/usr/include/c++/5/backward" />
            <Add directory="/usr/include/x86_64-linux-gnu" />
            <Add directory="/usr/include/x86_64-linux-gnu/c++/5" />
            <Add directory="/usr/lib/gcc/x86_64-linux-gnu/5/include" />
            <Add directory="/usr/lib/gcc/x86_64-linux-gnu/5/include-fixed" />
            <Add directory="/usr/local/include" />
         </Compiler>
         <MakeCommands>
            <Build command="/usr/bin/make -f &quot;/home/flo/rendu/Cpp/cpp_spider/Makefile&quot;  VERBOSE=1 server" />
            <CompileFile command="/usr/bin/make -f &quot;/home/flo/rendu/Cpp/cpp_spider/Makefile&quot;  VERBOSE=1 &quot;$file&quot;" />
            <Clean command="/usr/bin/make -f &quot;/home/flo/rendu/Cpp/cpp_spider/Makefile&quot;  VERBOSE=1 clean" />
            <DistClean command="/usr/bin/make -f &quot;/home/flo/rendu/Cpp/cpp_spider/Makefile&quot;  VERBOSE=1 clean" />
         </MakeCommands>
      </Target>
      <Target title="server/fast">
         <Option output="/home/flo/rendu/Cpp/cpp_spider/server" prefix_auto="0" extension_auto="0" />
         <Option working_dir="/home/flo/rendu/Cpp/cpp_spider" />
         <Option object_output="./" />
         <Option type="1" />
         <Option compiler="gcc" />
         <Compiler>
            <Add directory="/usr/include" />
            <Add directory="/usr/include/c++/5" />
            <Add directory="/usr/include/c++/5/backward" />
            <Add directory="/usr/include/x86_64-linux-gnu" />
            <Add directory="/usr/include/x86_64-linux-gnu/c++/5" />
            <Add directory="/usr/lib/gcc/x86_64-linux-gnu/5/include" />
            <Add directory="/usr/lib/gcc/x86_64-linux-gnu/5/include-fixed" />
            <Add directory="/usr/local/include" />
         </Compiler>
         <MakeCommands>
            <Build command="/usr/bin/make -f &quot;/home/flo/rendu/Cpp/cpp_spider/Makefile&quot;  VERBOSE=1 server/fast" />
            <CompileFile command="/usr/bin/make -f &quot;/home/flo/rendu/Cpp/cpp_spider/Makefile&quot;  VERBOSE=1 &quot;$file&quot;" />
            <Clean command="/usr/bin/make -f &quot;/home/flo/rendu/Cpp/cpp_spider/Makefile&quot;  VERBOSE=1 clean" />
            <DistClean command="/usr/bin/make -f &quot;/home/flo/rendu/Cpp/cpp_spider/Makefile&quot;  VERBOSE=1 clean" />
         </MakeCommands>
      </Target>
      </Build>
      <Unit filename="/home/flo/rendu/Cpp/cpp_spider/src_server/Client.cpp">
         <Option target="server"/>
      </Unit>
      <Unit filename="/home/flo/rendu/Cpp/cpp_spider/src_server/Client.hpp">
         <Option target="server"/>
      </Unit>
      <Unit filename="/home/flo/rendu/Cpp/cpp_spider/src_server/CoreGraph.cpp">
         <Option target="server"/>
      </Unit>
      <Unit filename="/home/flo/rendu/Cpp/cpp_spider/src_server/CoreGraph.hpp">
         <Option target="server"/>
      </Unit>
      <Unit filename="/home/flo/rendu/Cpp/cpp_spider/src_server/FileLog.cpp">
         <Option target="server"/>
      </Unit>
      <Unit filename="/home/flo/rendu/Cpp/cpp_spider/src_server/FileLog.hpp">
         <Option target="server"/>
      </Unit>
      <Unit filename="/home/flo/rendu/Cpp/cpp_spider/src_server/IClient.hpp">
         <Option target="server"/>
      </Unit>
      <Unit filename="/home/flo/rendu/Cpp/cpp_spider/src_server/INetwork.hpp">
         <Option target="server"/>
      </Unit>
      <Unit filename="/home/flo/rendu/Cpp/cpp_spider/src_server/Server.cpp">
         <Option target="server"/>
      </Unit>
      <Unit filename="/home/flo/rendu/Cpp/cpp_spider/src_server/Server.hpp">
         <Option target="server"/>
      </Unit>
      <Unit filename="/home/flo/rendu/Cpp/cpp_spider/src_server/main.cpp">
         <Option target="server"/>
      </Unit>
      <Unit filename="/home/flo/rendu/Cpp/cpp_spider/CMakeLists.txt">
          <Option virtualFolder="CMake Files\" />
      </Unit>
   </Project>
</CodeBlocks_project_file>
